
Microsoft Visual Studio Solution File, Format Version 12.00
# Visual Studio Version 16
VisualStudioVersion = 16.0.32126.315
MinimumVisualStudioVersion = 10.0.40219.1
Project("{FAE04EC0-301F-11D3-BF4B-00C04F79EFBC}") = "CarRepairApp", "CarRepairApp.csproj", "{02A18FBC-FF3D-487D-8584-DD6CBA82980D}"
EndProject
Project("{2150E333-8FDC-42A3-9474-1A3956D46DE8}") = "Solution Items", "Solution Items", "{EB30F5A8-E1B3-4AB2-AFA3-F14A4B2D5F82}"
	ProjectSection(SolutionItems) = preProject
		.editorconfig = .editorconfig
	EndProjectSection
EndProject
Global
	GlobalSection(SolutionConfigurationPlatforms) = preSolution
		Debug|Any CPU = Debug|Any CPU
		Release|Any CPU = Release|Any CPU
	EndGlobalSection
	GlobalSection(ProjectConfigurationPlatforms) = postSolution
		{02A18FBC-FF3D-487D-8584-DD6CBA82980D}.Debug|Any CPU.ActiveCfg = Debug|Any CPU
		{02A18FBC-FF3D-487D-8584-DD6CBA82980D}.Debug|Any CPU.Build.0 = Debug|Any CPU
		{02A18FBC-FF3D-487D-8584-DD6CBA82980D}.Release|Any CPU.ActiveCfg = Release|Any CPU
		{02A18FBC-FF3D-487D-8584-DD6CBA82980D}.Release|Any CPU.Build.0 = Release|Any CPU
	EndGlobalSection
	GlobalSection(SolutionProperties) = preSolution
		HideSolutionNode = FALSE
	EndGlobalSection
	GlobalSection(ExtensibilityGlobals) = postSolution
		SolutionGuid = {2EFC6941-AB1C-4731-8E89-6B2312127FCA}
	EndGlobalSection
EndGlobal
